
Microsoft Visual Studio Solution File, Format Version 12.00
# Visual Studio Version 17
VisualStudioVersion = 17.10.35004.147
MinimumVisualStudioVersion = 10.0.40219.1
Project("{9A19103F-16F7-4668-BE54-9A1E7A4F7556}") = "Library.Web", "Library\Library.Web.csproj", "{1E1411CA-756F-4175-B2C7-BEE75F3579A7}"
EndProject
Project("{9A19103F-16F7-4668-BE54-9A1E7A4F7556}") = "Library.Infrastructure", "Library.Infrastructure\Library.Infrastructure.csproj", "{1DC45C98-3EEF-4D67-99F6-0E7AB0341834}"
EndProject
Project("{9A19103F-16F7-4668-BE54-9A1E7A4F7556}") = "Library.Application", "Library.Application\Library.Application.csproj", "{668A209C-C8C3-4469-BEC5-DBC849883566}"
EndProject
Project("{9A19103F-16F7-4668-BE54-9A1E7A4F7556}") = "Library.Domain", "Library.Domain\Library.Domain.csproj", "{3536E15F-88B8-49D9-9EE3-9C5C695C97D4}"
EndProject
Project("{FAE04EC0-301F-11D3-BF4B-00C04F79EFBC}") = "Library.Tests", "Library.Tests\Library.Tests.csproj", "{2858D736-4DAA-4A80-81F1-990D18A19D65}"
EndProject
Global
	GlobalSection(SolutionConfigurationPlatforms) = preSolution
		Debug|Any CPU = Debug|Any CPU
		Release|Any CPU = Release|Any CPU
	EndGlobalSection
	GlobalSection(ProjectConfigurationPlatforms) = postSolution
		{1E1411CA-756F-4175-B2C7-BEE75F3579A7}.Debug|Any CPU.ActiveCfg = Debug|Any CPU
		{1E1411CA-756F-4175-B2C7-BEE75F3579A7}.Debug|Any CPU.Build.0 = Debug|Any CPU
		{1E1411CA-756F-4175-B2C7-BEE75F3579A7}.Release|Any CPU.ActiveCfg = Release|Any CPU
		{1E1411CA-756F-4175-B2C7-BEE75F3579A7}.Release|Any CPU.Build.0 = Release|Any CPU
		{1DC45C98-3EEF-4D67-99F6-0E7AB0341834}.Debug|Any CPU.ActiveCfg = Debug|Any CPU
		{1DC45C98-3EEF-4D67-99F6-0E7AB0341834}.Debug|Any CPU.Build.0 = Debug|Any CPU
		{1DC45C98-3EEF-4D67-99F6-0E7AB0341834}.Release|Any CPU.ActiveCfg = Release|Any CPU
		{1DC45C98-3EEF-4D67-99F6-0E7AB0341834}.Release|Any CPU.Build.0 = Release|Any CPU
		{668A209C-C8C3-4469-BEC5-DBC849883566}.Debug|Any CPU.ActiveCfg = Debug|Any CPU
		{668A209C-C8C3-4469-BEC5-DBC849883566}.Debug|Any CPU.Build.0 = Debug|Any CPU
		{668A209C-C8C3-4469-BEC5-DBC849883566}.Release|Any CPU.ActiveCfg = Release|Any CPU
		{668A209C-C8C3-4469-BEC5-DBC849883566}.Release|Any CPU.Build.0 = Release|Any CPU
		{3536E15F-88B8-49D9-9EE3-9C5C695C97D4}.Debug|Any CPU.ActiveCfg = Debug|Any CPU
		{3536E15F-88B8-49D9-9EE3-9C5C695C97D4}.Debug|Any CPU.Build.0 = Debug|Any CPU
		{3536E15F-88B8-49D9-9EE3-9C5C695C97D4}.Release|Any CPU.ActiveCfg = Release|Any CPU
		{3536E15F-88B8-49D9-9EE3-9C5C695C97D4}.Release|Any CPU.Build.0 = Release|Any CPU
		{2858D736-4DAA-4A80-81F1-990D18A19D65}.Debug|Any CPU.ActiveCfg = Debug|Any CPU
		{2858D736-4DAA-4A80-81F1-990D18A19D65}.Debug|Any CPU.Build.0 = Debug|Any CPU
		{2858D736-4DAA-4A80-81F1-990D18A19D65}.Release|Any CPU.ActiveCfg = Release|Any CPU
		{2858D736-4DAA-4A80-81F1-990D18A19D65}.Release|Any CPU.Build.0 = Release|Any CPU
	EndGlobalSection
	GlobalSection(SolutionProperties) = preSolution
		HideSolutionNode = FALSE
	EndGlobalSection
	GlobalSection(ExtensibilityGlobals) = postSolution
		SolutionGuid = {F90B6556-8803-4694-82B4-00FD114001C7}
	EndGlobalSection
EndGlobal
